
Microsoft Visual Studio Solution File, Format Version 12.00
# Visual Studio Version 16
VisualStudioVersion = 16.0.30114.105
MinimumVisualStudioVersion = 10.0.40219.1
Project("{2150E333-8FDC-42A3-9474-1A3956D46DE8}") = "src", "src", "{510BB1AC-4F1E-4A0B-A545-461094CBE1DE}"
EndProject
Project("{FAE04EC0-301F-11D3-BF4B-00C04F79EFBC}") = "API", "src\API\API.csproj", "{69E673B7-B95F-453A-B863-F3C09F9B369F}"
EndProject
Project("{FAE04EC0-301F-11D3-BF4B-00C04F79EFBC}") = "Application", "src\Application\Application.csproj", "{77590ABE-1C42-4700-9E37-5FFA17D6B842}"
EndProject
Project("{FAE04EC0-301F-11D3-BF4B-00C04F79EFBC}") = "Domain", "src\Domain\Domain.csproj", "{5E98416A-1E93-4C76-B056-6006A2DEC234}"
EndProject
Project("{FAE04EC0-301F-11D3-BF4B-00C04F79EFBC}") = "Infrastructure", "src\Infrastructure\Infrastructure.csproj", "{CE0187B6-DD40-4104-8912-A0D4229CAFC3}"
EndProject
Project("{FAE04EC0-301F-11D3-BF4B-00C04F79EFBC}") = "Presistence", "src\Presistence\Presistence.csproj", "{F49FC832-075F-4D41-BC37-25EF91F20955}"
EndProject
Global
	GlobalSection(SolutionProperties) = preSolution
		HideSolutionNode = FALSE
	EndGlobalSection
	GlobalSection(SolutionConfigurationPlatforms) = preSolution
		Debug|Any CPU = Debug|Any CPU
		Debug|x64 = Debug|x64
		Debug|x86 = Debug|x86
		Release|Any CPU = Release|Any CPU
		Release|x64 = Release|x64
		Release|x86 = Release|x86
	EndGlobalSection
	GlobalSection(ProjectConfigurationPlatforms) = postSolution
		{69E673B7-B95F-453A-B863-F3C09F9B369F}.Debug|Any CPU.ActiveCfg = Debug|Any CPU
		{69E673B7-B95F-453A-B863-F3C09F9B369F}.Debug|Any CPU.Build.0 = Debug|Any CPU
		{69E673B7-B95F-453A-B863-F3C09F9B369F}.Debug|x64.ActiveCfg = Debug|Any CPU
		{69E673B7-B95F-453A-B863-F3C09F9B369F}.Debug|x64.Build.0 = Debug|Any CPU
		{69E673B7-B95F-453A-B863-F3C09F9B369F}.Debug|x86.ActiveCfg = Debug|Any CPU
		{69E673B7-B95F-453A-B863-F3C09F9B369F}.Debug|x86.Build.0 = Debug|Any CPU
		{69E673B7-B95F-453A-B863-F3C09F9B369F}.Release|Any CPU.ActiveCfg = Release|Any CPU
		{69E673B7-B95F-453A-B863-F3C09F9B369F}.Release|Any CPU.Build.0 = Release|Any CPU
		{69E673B7-B95F-453A-B863-F3C09F9B369F}.Release|x64.ActiveCfg = Release|Any CPU
		{69E673B7-B95F-453A-B863-F3C09F9B369F}.Release|x64.Build.0 = Release|Any CPU
		{69E673B7-B95F-453A-B863-F3C09F9B369F}.Release|x86.ActiveCfg = Release|Any CPU
		{69E673B7-B95F-453A-B863-F3C09F9B369F}.Release|x86.Build.0 = Release|Any CPU
		{77590ABE-1C42-4700-9E37-5FFA17D6B842}.Debug|Any CPU.ActiveCfg = Debug|Any CPU
		{77590ABE-1C42-4700-9E37-5FFA17D6B842}.Debug|Any CPU.Build.0 = Debug|Any CPU
		{77590ABE-1C42-4700-9E37-5FFA17D6B842}.Debug|x64.ActiveCfg = Debug|Any CPU
		{77590ABE-1C42-4700-9E37-5FFA17D6B842}.Debug|x64.Build.0 = Debug|Any CPU
		{77590ABE-1C42-4700-9E37-5FFA17D6B842}.Debug|x86.ActiveCfg = Debug|Any CPU
		{77590ABE-1C42-4700-9E37-5FFA17D6B842}.Debug|x86.Build.0 = Debug|Any CPU
		{77590ABE-1C42-4700-9E37-5FFA17D6B842}.Release|Any CPU.ActiveCfg = Release|Any CPU
		{77590ABE-1C42-4700-9E37-5FFA17D6B842}.Release|Any CPU.Build.0 = Release|Any CPU
		{77590ABE-1C42-4700-9E37-5FFA17D6B842}.Release|x64.ActiveCfg = Release|Any CPU
		{77590ABE-1C42-4700-9E37-5FFA17D6B842}.Release|x64.Build.0 = Release|Any CPU
		{77590ABE-1C42-4700-9E37-5FFA17D6B842}.Release|x86.ActiveCfg = Release|Any CPU
		{77590ABE-1C42-4700-9E37-5FFA17D6B842}.Release|x86.Build.0 = Release|Any CPU
		{5E98416A-1E93-4C76-B056-6006A2DEC234}.Debug|Any CPU.ActiveCfg = Debug|Any CPU
		{5E98416A-1E93-4C76-B056-6006A2DEC234}.Debug|Any CPU.Build.0 = Debug|Any CPU
		{5E98416A-1E93-4C76-B056-6006A2DEC234}.Debug|x64.ActiveCfg = Debug|Any CPU
		{5E98416A-1E93-4C76-B056-6006A2DEC234}.Debug|x64.Build.0 = Debug|Any CPU
		{5E98416A-1E93-4C76-B056-6006A2DEC234}.Debug|x86.ActiveCfg = Debug|Any CPU
		{5E98416A-1E93-4C76-B056-6006A2DEC234}.Debug|x86.Build.0 = Debug|Any CPU
		{5E98416A-1E93-4C76-B056-6006A2DEC234}.Release|Any CPU.ActiveCfg = Release|Any CPU
		{5E98416A-1E93-4C76-B056-6006A2DEC234}.Release|Any CPU.Build.0 = Release|Any CPU
		{5E98416A-1E93-4C76-B056-6006A2DEC234}.Release|x64.ActiveCfg = Release|Any CPU
		{5E98416A-1E93-4C76-B056-6006A2DEC234}.Release|x64.Build.0 = Release|Any CPU
		{5E98416A-1E93-4C76-B056-6006A2DEC234}.Release|x86.ActiveCfg = Release|Any CPU
		{5E98416A-1E93-4C76-B056-6006A2DEC234}.Release|x86.Build.0 = Release|Any CPU
		{CE0187B6-DD40-4104-8912-A0D4229CAFC3}.Debug|Any CPU.ActiveCfg = Debug|Any CPU
		{CE0187B6-DD40-4104-8912-A0D4229CAFC3}.Debug|Any CPU.Build.0 = Debug|Any CPU
		{CE0187B6-DD40-4104-8912-A0D4229CAFC3}.Debug|x64.ActiveCfg = Debug|Any CPU
		{CE0187B6-DD40-4104-8912-A0D4229CAFC3}.Debug|x64.Build.0 = Debug|Any CPU
		{CE0187B6-DD40-4104-8912-A0D4229CAFC3}.Debug|x86.ActiveCfg = Debug|Any CPU
		{CE0187B6-DD40-4104-8912-A0D4229CAFC3}.Debug|x86.Build.0 = Debug|Any CPU
		{CE0187B6-DD40-4104-8912-A0D4229CAFC3}.Release|Any CPU.ActiveCfg = Release|Any CPU
		{CE0187B6-DD40-4104-8912-A0D4229CAFC3}.Release|Any CPU.Build.0 = Release|Any CPU
		{CE0187B6-DD40-4104-8912-A0D4229CAFC3}.Release|x64.ActiveCfg = Release|Any CPU
		{CE0187B6-DD40-4104-8912-A0D4229CAFC3}.Release|x64.Build.0 = Release|Any CPU
		{CE0187B6-DD40-4104-8912-A0D4229CAFC3}.Release|x86.ActiveCfg = Release|Any CPU
		{CE0187B6-DD40-4104-8912-A0D4229CAFC3}.Release|x86.Build.0 = Release|Any CPU
		{F49FC832-075F-4D41-BC37-25EF91F20955}.Debug|Any CPU.ActiveCfg = Debug|Any CPU
		{F49FC832-075F-4D41-BC37-25EF91F20955}.Debug|Any CPU.Build.0 = Debug|Any CPU
		{F49FC832-075F-4D41-BC37-25EF91F20955}.Debug|x64.ActiveCfg = Debug|Any CPU
		{F49FC832-075F-4D41-BC37-25EF91F20955}.Debug|x64.Build.0 = Debug|Any CPU
		{F49FC832-075F-4D41-BC37-25EF91F20955}.Debug|x86.ActiveCfg = Debug|Any CPU
		{F49FC832-075F-4D41-BC37-25EF91F20955}.Debug|x86.Build.0 = Debug|Any CPU
		{F49FC832-075F-4D41-BC37-25EF91F20955}.Release|Any CPU.ActiveCfg = Release|Any CPU
		{F49FC832-075F-4D41-BC37-25EF91F20955}.Release|Any CPU.Build.0 = Release|Any CPU
		{F49FC832-075F-4D41-BC37-25EF91F20955}.Release|x64.ActiveCfg = Release|Any CPU
		{F49FC832-075F-4D41-BC37-25EF91F20955}.Release|x64.Build.0 = Release|Any CPU
		{F49FC832-075F-4D41-BC37-25EF91F20955}.Release|x86.ActiveCfg = Release|Any CPU
		{F49FC832-075F-4D41-BC37-25EF91F20955}.Release|x86.Build.0 = Release|Any CPU
	EndGlobalSection
	GlobalSection(NestedProjects) = preSolution
		{69E673B7-B95F-453A-B863-F3C09F9B369F} = {510BB1AC-4F1E-4A0B-A545-461094CBE1DE}
		{77590ABE-1C42-4700-9E37-5FFA17D6B842} = {510BB1AC-4F1E-4A0B-A545-461094CBE1DE}
		{5E98416A-1E93-4C76-B056-6006A2DEC234} = {510BB1AC-4F1E-4A0B-A545-461094CBE1DE}
		{CE0187B6-DD40-4104-8912-A0D4229CAFC3} = {510BB1AC-4F1E-4A0B-A545-461094CBE1DE}
		{F49FC832-075F-4D41-BC37-25EF91F20955} = {510BB1AC-4F1E-4A0B-A545-461094CBE1DE}
	EndGlobalSection
EndGlobal
